
Microsoft Visual Studio Solution File, Format Version 12.00
# Visual Studio 14
VisualStudioVersion = 14.0.25123.0
MinimumVisualStudioVersion = 10.0.40219.1
Project("{FAE04EC0-301F-11D3-BF4B-00C04F79EFBC}") = "EarTrumpet", "EarTrumpet\EarTrumpet.csproj", "{BA3C7B42-84B0-468C-8640-217E2A24CF81}"
	ProjectSection(ProjectDependencies) = postProject
		{73FA0BF9-96FE-4C5B-89B2-00B861F3F778} = {73FA0BF9-96FE-4C5B-89B2-00B861F3F778}
	EndProjectSection
EndProject
Project("{8BC9CEB8-8B4A-11D0-8D11-00A0C91BC942}") = "EarTrumpet.Interop", "EarTrumpet.Interop\EarTrumpet.Interop.vcxproj", "{73FA0BF9-96FE-4C5B-89B2-00B861F3F778}"
EndProject
Global
	GlobalSection(SolutionConfigurationPlatforms) = preSolution
		Debug|x86 = Debug|x86
		Release|x86 = Release|x86
	EndGlobalSection
	GlobalSection(ProjectConfigurationPlatforms) = postSolution
		{BA3C7B42-84B0-468C-8640-217E2A24CF81}.Debug|x86.ActiveCfg = Debug|x86
		{BA3C7B42-84B0-468C-8640-217E2A24CF81}.Debug|x86.Build.0 = Debug|x86
		{BA3C7B42-84B0-468C-8640-217E2A24CF81}.Release|x86.ActiveCfg = Release|x86
		{BA3C7B42-84B0-468C-8640-217E2A24CF81}.Release|x86.Build.0 = Release|x86
		{73FA0BF9-96FE-4C5B-89B2-00B861F3F778}.Debug|x86.ActiveCfg = Debug|Win32
		{73FA0BF9-96FE-4C5B-89B2-00B861F3F778}.Debug|x86.Build.0 = Debug|Win32
		{73FA0BF9-96FE-4C5B-89B2-00B861F3F778}.Release|x86.ActiveCfg = Release|Win32
		{73FA0BF9-96FE-4C5B-89B2-00B861F3F778}.Release|x86.Build.0 = Release|Win32
	EndGlobalSection
	GlobalSection(SolutionProperties) = preSolution
		HideSolutionNode = FALSE
	EndGlobalSection
EndGlobal
