
Microsoft Visual Studio Solution File, Format Version 12.00
# Visual Studio 15
VisualStudioVersion = 15.0.25618.0
MinimumVisualStudioVersion = 10.0.40219.1
Project("{FAE04EC0-301F-11D3-BF4B-00C04F79EFBC}") = "EarTrumpet", "EarTrumpet\EarTrumpet.csproj", "{BA3C7B42-84B0-468C-8640-217E2A24CF81}"
	ProjectSection(ProjectDependencies) = postProject
		{B4B0D6B6-B9EA-4492-A42E-2EC45F2EA30A} = {B4B0D6B6-B9EA-4492-A42E-2EC45F2EA30A}
		{73FA0BF9-96FE-4C5B-89B2-00B861F3F778} = {73FA0BF9-96FE-4C5B-89B2-00B861F3F778}
	EndProjectSection
EndProject
Project("{8BC9CEB8-8B4A-11D0-8D11-00A0C91BC942}") = "EarTrumpet.Interop", "EarTrumpet.Interop\EarTrumpet.Interop.vcxproj", "{73FA0BF9-96FE-4C5B-89B2-00B861F3F778}"
EndProject
Project("{FAE04EC0-301F-11D3-BF4B-00C04F79EFBC}") = "EarTrumpet.BackgroundTasks", "EarTrumpet.BackgroundTasks\EarTrumpet.BackgroundTasks.csproj", "{B4B0D6B6-B9EA-4492-A42E-2EC45F2EA30A}"
EndProject
Project("{FAE04EC0-301F-11D3-BF4B-00C04F79EFBC}") = "EarTrumpet.Appx", "EarTrumpet.Appx\EarTrumpet.Appx.vsdproj", "{BE490222-8C79-425D-AE44-701C24B2C593}"
	ProjectSection(ProjectDependencies) = postProject
		{BA3C7B42-84B0-468C-8640-217E2A24CF81} = {BA3C7B42-84B0-468C-8640-217E2A24CF81}
		{B4B0D6B6-B9EA-4492-A42E-2EC45F2EA30A} = {B4B0D6B6-B9EA-4492-A42E-2EC45F2EA30A}
		{73FA0BF9-96FE-4C5B-89B2-00B861F3F778} = {73FA0BF9-96FE-4C5B-89B2-00B861F3F778}
	EndProjectSection
EndProject
Global
	GlobalSection(SolutionConfigurationPlatforms) = preSolution
		Debug|Any CPU = Debug|Any CPU
		Debug|ARM = Debug|ARM
		Debug|x64 = Debug|x64
		Debug|x86 = Debug|x86
		Release|Any CPU = Release|Any CPU
		Release|ARM = Release|ARM
		Release|x64 = Release|x64
		Release|x86 = Release|x86
	EndGlobalSection
	GlobalSection(ProjectConfigurationPlatforms) = postSolution
		{BA3C7B42-84B0-468C-8640-217E2A24CF81}.Debug|Any CPU.ActiveCfg = Debug|x86
		{BA3C7B42-84B0-468C-8640-217E2A24CF81}.Debug|ARM.ActiveCfg = Debug|x86
		{BA3C7B42-84B0-468C-8640-217E2A24CF81}.Debug|x64.ActiveCfg = Debug|x86
		{BA3C7B42-84B0-468C-8640-217E2A24CF81}.Debug|x86.ActiveCfg = Debug|x86
		{BA3C7B42-84B0-468C-8640-217E2A24CF81}.Debug|x86.Build.0 = Debug|x86
		{BA3C7B42-84B0-468C-8640-217E2A24CF81}.Release|Any CPU.ActiveCfg = Release|x86
		{BA3C7B42-84B0-468C-8640-217E2A24CF81}.Release|ARM.ActiveCfg = Release|x86
		{BA3C7B42-84B0-468C-8640-217E2A24CF81}.Release|x64.ActiveCfg = Release|x86
		{BA3C7B42-84B0-468C-8640-217E2A24CF81}.Release|x86.ActiveCfg = Release|x86
		{BA3C7B42-84B0-468C-8640-217E2A24CF81}.Release|x86.Build.0 = Release|x86
		{73FA0BF9-96FE-4C5B-89B2-00B861F3F778}.Debug|Any CPU.ActiveCfg = Debug|Win32
		{73FA0BF9-96FE-4C5B-89B2-00B861F3F778}.Debug|ARM.ActiveCfg = Debug|Win32
		{73FA0BF9-96FE-4C5B-89B2-00B861F3F778}.Debug|x64.ActiveCfg = Debug|Win32
		{73FA0BF9-96FE-4C5B-89B2-00B861F3F778}.Debug|x86.ActiveCfg = Debug|Win32
		{73FA0BF9-96FE-4C5B-89B2-00B861F3F778}.Debug|x86.Build.0 = Debug|Win32
		{73FA0BF9-96FE-4C5B-89B2-00B861F3F778}.Release|Any CPU.ActiveCfg = Release|Win32
		{73FA0BF9-96FE-4C5B-89B2-00B861F3F778}.Release|ARM.ActiveCfg = Release|Win32
		{73FA0BF9-96FE-4C5B-89B2-00B861F3F778}.Release|x64.ActiveCfg = Release|Win32
		{73FA0BF9-96FE-4C5B-89B2-00B861F3F778}.Release|x86.ActiveCfg = Release|Win32
		{73FA0BF9-96FE-4C5B-89B2-00B861F3F778}.Release|x86.Build.0 = Release|Win32
		{B4B0D6B6-B9EA-4492-A42E-2EC45F2EA30A}.Debug|Any CPU.ActiveCfg = Debug|Any CPU
		{B4B0D6B6-B9EA-4492-A42E-2EC45F2EA30A}.Debug|Any CPU.Build.0 = Debug|Any CPU
		{B4B0D6B6-B9EA-4492-A42E-2EC45F2EA30A}.Debug|ARM.ActiveCfg = Debug|ARM
		{B4B0D6B6-B9EA-4492-A42E-2EC45F2EA30A}.Debug|ARM.Build.0 = Debug|ARM
		{B4B0D6B6-B9EA-4492-A42E-2EC45F2EA30A}.Debug|x64.ActiveCfg = Debug|x64
		{B4B0D6B6-B9EA-4492-A42E-2EC45F2EA30A}.Debug|x64.Build.0 = Debug|x64
		{B4B0D6B6-B9EA-4492-A42E-2EC45F2EA30A}.Debug|x86.ActiveCfg = Debug|x86
		{B4B0D6B6-B9EA-4492-A42E-2EC45F2EA30A}.Debug|x86.Build.0 = Debug|x86
		{B4B0D6B6-B9EA-4492-A42E-2EC45F2EA30A}.Release|Any CPU.ActiveCfg = Release|Any CPU
		{B4B0D6B6-B9EA-4492-A42E-2EC45F2EA30A}.Release|Any CPU.Build.0 = Release|Any CPU
		{B4B0D6B6-B9EA-4492-A42E-2EC45F2EA30A}.Release|ARM.ActiveCfg = Release|ARM
		{B4B0D6B6-B9EA-4492-A42E-2EC45F2EA30A}.Release|ARM.Build.0 = Release|ARM
		{B4B0D6B6-B9EA-4492-A42E-2EC45F2EA30A}.Release|x64.ActiveCfg = Release|x64
		{B4B0D6B6-B9EA-4492-A42E-2EC45F2EA30A}.Release|x64.Build.0 = Release|x64
		{B4B0D6B6-B9EA-4492-A42E-2EC45F2EA30A}.Release|x86.ActiveCfg = Release|x86
		{B4B0D6B6-B9EA-4492-A42E-2EC45F2EA30A}.Release|x86.Build.0 = Release|x86
		{BE490222-8C79-425D-AE44-701C24B2C593}.Debug|Any CPU.ActiveCfg = Debug|Any CPU
		{BE490222-8C79-425D-AE44-701C24B2C593}.Debug|Any CPU.Build.0 = Debug|Any CPU
		{BE490222-8C79-425D-AE44-701C24B2C593}.Debug|Any CPU.Deploy.0 = Debug|Any CPU
		{BE490222-8C79-425D-AE44-701C24B2C593}.Debug|ARM.ActiveCfg = Debug|ARM
		{BE490222-8C79-425D-AE44-701C24B2C593}.Debug|ARM.Build.0 = Debug|ARM
		{BE490222-8C79-425D-AE44-701C24B2C593}.Debug|ARM.Deploy.0 = Debug|ARM
		{BE490222-8C79-425D-AE44-701C24B2C593}.Debug|x64.ActiveCfg = Debug|x64
		{BE490222-8C79-425D-AE44-701C24B2C593}.Debug|x64.Build.0 = Debug|x64
		{BE490222-8C79-425D-AE44-701C24B2C593}.Debug|x64.Deploy.0 = Debug|x64
		{BE490222-8C79-425D-AE44-701C24B2C593}.Debug|x86.ActiveCfg = Debug|x86
		{BE490222-8C79-425D-AE44-701C24B2C593}.Debug|x86.Build.0 = Debug|x86
		{BE490222-8C79-425D-AE44-701C24B2C593}.Debug|x86.Deploy.0 = Debug|x86
		{BE490222-8C79-425D-AE44-701C24B2C593}.Release|Any CPU.ActiveCfg = Release|Any CPU
		{BE490222-8C79-425D-AE44-701C24B2C593}.Release|Any CPU.Build.0 = Release|Any CPU
		{BE490222-8C79-425D-AE44-701C24B2C593}.Release|Any CPU.Deploy.0 = Release|Any CPU
		{BE490222-8C79-425D-AE44-701C24B2C593}.Release|ARM.ActiveCfg = Release|ARM
		{BE490222-8C79-425D-AE44-701C24B2C593}.Release|ARM.Build.0 = Release|ARM
		{BE490222-8C79-425D-AE44-701C24B2C593}.Release|ARM.Deploy.0 = Release|ARM
		{BE490222-8C79-425D-AE44-701C24B2C593}.Release|x64.ActiveCfg = Release|x64
		{BE490222-8C79-425D-AE44-701C24B2C593}.Release|x64.Build.0 = Release|x64
		{BE490222-8C79-425D-AE44-701C24B2C593}.Release|x64.Deploy.0 = Release|x64
		{BE490222-8C79-425D-AE44-701C24B2C593}.Release|x86.ActiveCfg = Release|x86
		{BE490222-8C79-425D-AE44-701C24B2C593}.Release|x86.Build.0 = Release|x86
		{BE490222-8C79-425D-AE44-701C24B2C593}.Release|x86.Deploy.0 = Release|x86
	EndGlobalSection
	GlobalSection(SolutionProperties) = preSolution
		HideSolutionNode = FALSE
	EndGlobalSection
EndGlobal
