
Microsoft Visual Studio Solution File, Format Version 12.00
# Visual Studio 15
VisualStudioVersion = 15.0.27004.2010
MinimumVisualStudioVersion = 10.0.40219.1
Project("{FAE04EC0-301F-11D3-BF4B-00C04F79EFBC}") = "EarTrumpet", "EarTrumpet\EarTrumpet.csproj", "{BA3C7B42-84B0-468C-8640-217E2A24CF81}"
EndProject
Project("{FAE04EC0-301F-11D3-BF4B-00C04F79EFBC}") = "EarTrumpet.UWP", "EarTrumpet.UWP\EarTrumpet.UWP.csproj", "{D6BA1652-937F-4BE2-8E52-DCE1C2B49267}"
EndProject
Project("{C7167F0D-BC9F-4E6E-AFE1-012C56B48DB5}") = "EarTrumpet.Package", "EarTrumpet.Package\EarTrumpet.Package.wapproj", "{EA5510ED-F014-4587-A505-64C59D5B2627}"
EndProject
Project("{FAE04EC0-301F-11D3-BF4B-00C04F79EFBC}") = "EarTrumpet.BackgroundTasks", "EarTrumpet.BackgroundTasks\EarTrumpet.BackgroundTasks.csproj", "{B4B0D6B6-B9EA-4492-A42E-2EC45F2EA30A}"
EndProject
Global
	GlobalSection(SolutionConfigurationPlatforms) = preSolution
		Debug|Any CPU = Debug|Any CPU
		Debug|ARM = Debug|ARM
		Debug|x64 = Debug|x64
		Debug|x86 = Debug|x86
		Release|Any CPU = Release|Any CPU
		Release|ARM = Release|ARM
		Release|x64 = Release|x64
		Release|x86 = Release|x86
	EndGlobalSection
	GlobalSection(ProjectConfigurationPlatforms) = postSolution
		{BA3C7B42-84B0-468C-8640-217E2A24CF81}.Debug|Any CPU.ActiveCfg = Debug|x86
		{BA3C7B42-84B0-468C-8640-217E2A24CF81}.Debug|ARM.ActiveCfg = Debug|x86
		{BA3C7B42-84B0-468C-8640-217E2A24CF81}.Debug|x64.ActiveCfg = Debug|x86
		{BA3C7B42-84B0-468C-8640-217E2A24CF81}.Debug|x86.ActiveCfg = Debug|x86
		{BA3C7B42-84B0-468C-8640-217E2A24CF81}.Debug|x86.Build.0 = Debug|x86
		{BA3C7B42-84B0-468C-8640-217E2A24CF81}.Release|Any CPU.ActiveCfg = Release|x86
		{BA3C7B42-84B0-468C-8640-217E2A24CF81}.Release|ARM.ActiveCfg = Release|x86
		{BA3C7B42-84B0-468C-8640-217E2A24CF81}.Release|x64.ActiveCfg = Release|x86
		{BA3C7B42-84B0-468C-8640-217E2A24CF81}.Release|x86.ActiveCfg = Release|x86
		{BA3C7B42-84B0-468C-8640-217E2A24CF81}.Release|x86.Build.0 = Release|x86
		{D6BA1652-937F-4BE2-8E52-DCE1C2B49267}.Debug|Any CPU.ActiveCfg = Debug|x86
		{D6BA1652-937F-4BE2-8E52-DCE1C2B49267}.Debug|ARM.ActiveCfg = Debug|ARM
		{D6BA1652-937F-4BE2-8E52-DCE1C2B49267}.Debug|ARM.Build.0 = Debug|ARM
		{D6BA1652-937F-4BE2-8E52-DCE1C2B49267}.Debug|ARM.Deploy.0 = Debug|ARM
		{D6BA1652-937F-4BE2-8E52-DCE1C2B49267}.Debug|x64.ActiveCfg = Debug|x64
		{D6BA1652-937F-4BE2-8E52-DCE1C2B49267}.Debug|x64.Build.0 = Debug|x64
		{D6BA1652-937F-4BE2-8E52-DCE1C2B49267}.Debug|x64.Deploy.0 = Debug|x64
		{D6BA1652-937F-4BE2-8E52-DCE1C2B49267}.Debug|x86.ActiveCfg = Debug|x86
		{D6BA1652-937F-4BE2-8E52-DCE1C2B49267}.Debug|x86.Build.0 = Debug|x86
		{D6BA1652-937F-4BE2-8E52-DCE1C2B49267}.Debug|x86.Deploy.0 = Debug|x86
		{D6BA1652-937F-4BE2-8E52-DCE1C2B49267}.Release|Any CPU.ActiveCfg = Release|x86
		{D6BA1652-937F-4BE2-8E52-DCE1C2B49267}.Release|ARM.ActiveCfg = Release|ARM
		{D6BA1652-937F-4BE2-8E52-DCE1C2B49267}.Release|ARM.Build.0 = Release|ARM
		{D6BA1652-937F-4BE2-8E52-DCE1C2B49267}.Release|ARM.Deploy.0 = Release|ARM
		{D6BA1652-937F-4BE2-8E52-DCE1C2B49267}.Release|x64.ActiveCfg = Release|x64
		{D6BA1652-937F-4BE2-8E52-DCE1C2B49267}.Release|x64.Build.0 = Release|x64
		{D6BA1652-937F-4BE2-8E52-DCE1C2B49267}.Release|x64.Deploy.0 = Release|x64
		{D6BA1652-937F-4BE2-8E52-DCE1C2B49267}.Release|x86.ActiveCfg = Release|x86
		{D6BA1652-937F-4BE2-8E52-DCE1C2B49267}.Release|x86.Build.0 = Release|x86
		{D6BA1652-937F-4BE2-8E52-DCE1C2B49267}.Release|x86.Deploy.0 = Release|x86
		{EA5510ED-F014-4587-A505-64C59D5B2627}.Debug|Any CPU.ActiveCfg = Debug|Any CPU
		{EA5510ED-F014-4587-A505-64C59D5B2627}.Debug|Any CPU.Build.0 = Debug|Any CPU
		{EA5510ED-F014-4587-A505-64C59D5B2627}.Debug|Any CPU.Deploy.0 = Debug|Any CPU
		{EA5510ED-F014-4587-A505-64C59D5B2627}.Debug|ARM.ActiveCfg = Debug|Any CPU
		{EA5510ED-F014-4587-A505-64C59D5B2627}.Debug|ARM.Build.0 = Debug|Any CPU
		{EA5510ED-F014-4587-A505-64C59D5B2627}.Debug|ARM.Deploy.0 = Debug|Any CPU
		{EA5510ED-F014-4587-A505-64C59D5B2627}.Debug|x64.ActiveCfg = Debug|x64
		{EA5510ED-F014-4587-A505-64C59D5B2627}.Debug|x64.Build.0 = Debug|x64
		{EA5510ED-F014-4587-A505-64C59D5B2627}.Debug|x64.Deploy.0 = Debug|x64
		{EA5510ED-F014-4587-A505-64C59D5B2627}.Debug|x86.ActiveCfg = Debug|x86
		{EA5510ED-F014-4587-A505-64C59D5B2627}.Debug|x86.Build.0 = Debug|x86
		{EA5510ED-F014-4587-A505-64C59D5B2627}.Debug|x86.Deploy.0 = Debug|x86
		{EA5510ED-F014-4587-A505-64C59D5B2627}.Release|Any CPU.ActiveCfg = Release|Any CPU
		{EA5510ED-F014-4587-A505-64C59D5B2627}.Release|Any CPU.Build.0 = Release|Any CPU
		{EA5510ED-F014-4587-A505-64C59D5B2627}.Release|Any CPU.Deploy.0 = Release|Any CPU
		{EA5510ED-F014-4587-A505-64C59D5B2627}.Release|ARM.ActiveCfg = Release|Any CPU
		{EA5510ED-F014-4587-A505-64C59D5B2627}.Release|ARM.Build.0 = Release|Any CPU
		{EA5510ED-F014-4587-A505-64C59D5B2627}.Release|ARM.Deploy.0 = Release|Any CPU
		{EA5510ED-F014-4587-A505-64C59D5B2627}.Release|x64.ActiveCfg = Release|x64
		{EA5510ED-F014-4587-A505-64C59D5B2627}.Release|x64.Build.0 = Release|x64
		{EA5510ED-F014-4587-A505-64C59D5B2627}.Release|x64.Deploy.0 = Release|x64
		{EA5510ED-F014-4587-A505-64C59D5B2627}.Release|x86.ActiveCfg = Release|x86
		{EA5510ED-F014-4587-A505-64C59D5B2627}.Release|x86.Build.0 = Release|x86
		{EA5510ED-F014-4587-A505-64C59D5B2627}.Release|x86.Deploy.0 = Release|x86
		{B4B0D6B6-B9EA-4492-A42E-2EC45F2EA30A}.Debug|Any CPU.ActiveCfg = Debug|Any CPU
		{B4B0D6B6-B9EA-4492-A42E-2EC45F2EA30A}.Debug|Any CPU.Build.0 = Debug|Any CPU
		{B4B0D6B6-B9EA-4492-A42E-2EC45F2EA30A}.Debug|ARM.ActiveCfg = Debug|ARM
		{B4B0D6B6-B9EA-4492-A42E-2EC45F2EA30A}.Debug|ARM.Build.0 = Debug|ARM
		{B4B0D6B6-B9EA-4492-A42E-2EC45F2EA30A}.Debug|x64.ActiveCfg = Debug|x64
		{B4B0D6B6-B9EA-4492-A42E-2EC45F2EA30A}.Debug|x64.Build.0 = Debug|x64
		{B4B0D6B6-B9EA-4492-A42E-2EC45F2EA30A}.Debug|x86.ActiveCfg = Debug|x86
		{B4B0D6B6-B9EA-4492-A42E-2EC45F2EA30A}.Debug|x86.Build.0 = Debug|x86
		{B4B0D6B6-B9EA-4492-A42E-2EC45F2EA30A}.Release|Any CPU.ActiveCfg = Release|Any CPU
		{B4B0D6B6-B9EA-4492-A42E-2EC45F2EA30A}.Release|Any CPU.Build.0 = Release|Any CPU
		{B4B0D6B6-B9EA-4492-A42E-2EC45F2EA30A}.Release|ARM.ActiveCfg = Release|ARM
		{B4B0D6B6-B9EA-4492-A42E-2EC45F2EA30A}.Release|ARM.Build.0 = Release|ARM
		{B4B0D6B6-B9EA-4492-A42E-2EC45F2EA30A}.Release|x64.ActiveCfg = Release|x64
		{B4B0D6B6-B9EA-4492-A42E-2EC45F2EA30A}.Release|x64.Build.0 = Release|x64
		{B4B0D6B6-B9EA-4492-A42E-2EC45F2EA30A}.Release|x86.ActiveCfg = Release|x86
		{B4B0D6B6-B9EA-4492-A42E-2EC45F2EA30A}.Release|x86.Build.0 = Release|x86
	EndGlobalSection
	GlobalSection(SolutionProperties) = preSolution
		HideSolutionNode = FALSE
	EndGlobalSection
	GlobalSection(ExtensibilityGlobals) = postSolution
		SolutionGuid = {228AD06A-DAC2-406B-8F21-3E7B980B1B37}
	EndGlobalSection
EndGlobal
