
Microsoft Visual Studio Solution File, Format Version 12.00
# Visual Studio 15
VisualStudioVersion = 15.0.27004.2010
MinimumVisualStudioVersion = 10.0.40219.1
Project("{FAE04EC0-301F-11D3-BF4B-00C04F79EFBC}") = "EarTrumpet", "EarTrumpet\EarTrumpet.csproj", "{BA3C7B42-84B0-468C-8640-217E2A24CF81}"
EndProject
Project("{C7167F0D-BC9F-4E6E-AFE1-012C56B48DB5}") = "EarTrumpet.Package", "EarTrumpet.Package\EarTrumpet.Package.wapproj", "{EA5510ED-F014-4587-A505-64C59D5B2627}"
EndProject
Project("{2150E333-8FDC-42A3-9474-1A3956D46DE8}") = "Solution Items", "Solution Items", "{8F56ECD6-00C6-4C4A-AB1F-C01ED14EF53B}"
	ProjectSection(SolutionItems) = preProject
		CHANGELOG.md = CHANGELOG.md
		COMPILING.md = COMPILING.md
		CONTRIBUTING.md = CONTRIBUTING.md
		LICENSE = LICENSE
		PRIVACY.md = PRIVACY.md
		README.md = README.md
		version.txt = version.txt
	EndProjectSection
EndProject
Project("{FAE04EC0-301F-11D3-BF4B-00C04F79EFBC}") = "EarTrumpet.ColorTool", "EarTrumpet.ColorTool\EarTrumpet.ColorTool.csproj", "{E5B2C3B5-4CED-4C82-8A82-D290A7E0FC5D}"
EndProject
Global
	GlobalSection(SolutionConfigurationPlatforms) = preSolution
		Debug|x86 = Debug|x86
		Release|x86 = Release|x86
		VSDebug|x86 = VSDebug|x86
	EndGlobalSection
	GlobalSection(ProjectConfigurationPlatforms) = postSolution
		{BA3C7B42-84B0-468C-8640-217E2A24CF81}.Debug|x86.ActiveCfg = Debug|x86
		{BA3C7B42-84B0-468C-8640-217E2A24CF81}.Debug|x86.Build.0 = Debug|x86
		{BA3C7B42-84B0-468C-8640-217E2A24CF81}.Release|x86.ActiveCfg = Release|x86
		{BA3C7B42-84B0-468C-8640-217E2A24CF81}.Release|x86.Build.0 = Release|x86
		{BA3C7B42-84B0-468C-8640-217E2A24CF81}.VSDebug|x86.ActiveCfg = VSDebug|x86
		{BA3C7B42-84B0-468C-8640-217E2A24CF81}.VSDebug|x86.Build.0 = VSDebug|x86
		{EA5510ED-F014-4587-A505-64C59D5B2627}.Debug|x86.ActiveCfg = Debug|x86
		{EA5510ED-F014-4587-A505-64C59D5B2627}.Debug|x86.Build.0 = Debug|x86
		{EA5510ED-F014-4587-A505-64C59D5B2627}.Debug|x86.Deploy.0 = Debug|x86
		{EA5510ED-F014-4587-A505-64C59D5B2627}.Release|x86.ActiveCfg = Release|x86
		{EA5510ED-F014-4587-A505-64C59D5B2627}.Release|x86.Build.0 = Release|x86
		{EA5510ED-F014-4587-A505-64C59D5B2627}.Release|x86.Deploy.0 = Release|x86
		{EA5510ED-F014-4587-A505-64C59D5B2627}.VSDebug|x86.ActiveCfg = Debug|x86
		{EA5510ED-F014-4587-A505-64C59D5B2627}.VSDebug|x86.Build.0 = Debug|x86
		{EA5510ED-F014-4587-A505-64C59D5B2627}.VSDebug|x86.Deploy.0 = Debug|x86
		{E5B2C3B5-4CED-4C82-8A82-D290A7E0FC5D}.Debug|x86.ActiveCfg = Debug|x86
		{E5B2C3B5-4CED-4C82-8A82-D290A7E0FC5D}.Debug|x86.Build.0 = Debug|x86
		{E5B2C3B5-4CED-4C82-8A82-D290A7E0FC5D}.Release|x86.ActiveCfg = Release|x86
		{E5B2C3B5-4CED-4C82-8A82-D290A7E0FC5D}.Release|x86.Build.0 = Release|x86
		{E5B2C3B5-4CED-4C82-8A82-D290A7E0FC5D}.VSDebug|x86.ActiveCfg = Debug|x86
		{E5B2C3B5-4CED-4C82-8A82-D290A7E0FC5D}.VSDebug|x86.Build.0 = Debug|x86
	EndGlobalSection
	GlobalSection(SolutionProperties) = preSolution
		HideSolutionNode = FALSE
	EndGlobalSection
	GlobalSection(ExtensibilityGlobals) = postSolution
		SolutionGuid = {228AD06A-DAC2-406B-8F21-3E7B980B1B37}
	EndGlobalSection
EndGlobal
