
Microsoft Visual Studio Solution File, Format Version 12.00
# Visual Studio 15
VisualStudioVersion = 15.0.27428.2037
MinimumVisualStudioVersion = 10.0.40219.1
Project("{FAE04EC0-301F-11D3-BF4B-00C04F79EFBC}") = "ShowImmersiveColors", "ShowImmersiveColors.csproj", "{E5B2C3B5-4CED-4C82-8A82-D290A7E0FC5D}"
EndProject
Global
	GlobalSection(SolutionConfigurationPlatforms) = preSolution
		Debug|Any CPU = Debug|Any CPU
		Release|Any CPU = Release|Any CPU
	EndGlobalSection
	GlobalSection(ProjectConfigurationPlatforms) = postSolution
		{E5B2C3B5-4CED-4C82-8A82-D290A7E0FC5D}.Debug|Any CPU.ActiveCfg = Debug|Any CPU
		{E5B2C3B5-4CED-4C82-8A82-D290A7E0FC5D}.Debug|Any CPU.Build.0 = Debug|Any CPU
		{E5B2C3B5-4CED-4C82-8A82-D290A7E0FC5D}.Release|Any CPU.ActiveCfg = Release|Any CPU
		{E5B2C3B5-4CED-4C82-8A82-D290A7E0FC5D}.Release|Any CPU.Build.0 = Release|Any CPU
	EndGlobalSection
	GlobalSection(SolutionProperties) = preSolution
		HideSolutionNode = FALSE
	EndGlobalSection
	GlobalSection(ExtensibilityGlobals) = postSolution
		SolutionGuid = {ACD4BFD3-63AE-404E-8DDE-BFFA2452EF2F}
	EndGlobalSection
EndGlobal
